
Microsoft Visual Studio Solution File, Format Version 12.00
# Visual Studio Version 17
VisualStudioVersion = 17.4.33213.308
MinimumVisualStudioVersion = 10.0.40219.1
Project("{FAE04EC0-301F-11D3-BF4B-00C04F79EFBC}") = "myParams", "myParams\myParams.csproj", "{5B63A130-8456-48AE-8064-B462E851E626}"
EndProject
Global
	GlobalSection(SolutionConfigurationPlatforms) = preSolution
		Debug|Any CPU = Debug|Any CPU
		Release|Any CPU = Release|Any CPU
	EndGlobalSection
	GlobalSection(ProjectConfigurationPlatforms) = postSolution
		{5B63A130-8456-48AE-8064-B462E851E626}.Debug|Any CPU.ActiveCfg = Debug|Any CPU
		{5B63A130-8456-48AE-8064-B462E851E626}.Debug|Any CPU.Build.0 = Debug|Any CPU
		{5B63A130-8456-48AE-8064-B462E851E626}.Release|Any CPU.ActiveCfg = Release|Any CPU
		{5B63A130-8456-48AE-8064-B462E851E626}.Release|Any CPU.Build.0 = Release|Any CPU
	EndGlobalSection
	GlobalSection(SolutionProperties) = preSolution
		HideSolutionNode = FALSE
	EndGlobalSection
	GlobalSection(ExtensibilityGlobals) = postSolution
		SolutionGuid = {099A9120-E5FE-4BB0-A135-05CBB234E57C}
	EndGlobalSection
EndGlobal
